
Microsoft Visual Studio Solution File, Format Version 12.00
# Visual Studio Version 16
VisualStudioVersion = 16.0.31729.503
MinimumVisualStudioVersion = 10.0.40219.1
Project("{FAE04EC0-301F-11D3-BF4B-00C04F79EFBC}") = "DMiniDumpWrite", "DMiniDumpWrite.csproj", "{7EA3F88D-8374-42EA-A0FE-8FEC315CFC57}"
EndProject
Global
	GlobalSection(SolutionConfigurationPlatforms) = preSolution
		Debug|Any CPU = Debug|Any CPU
		Debug|x64 = Debug|x64
		Debug|x86 = Debug|x86
		Release|Any CPU = Release|Any CPU
		Release|x64 = Release|x64
		Release|x86 = Release|x86
		x|Any CPU = x|Any CPU
		x|x64 = x|x64
		x|x86 = x|x86
	EndGlobalSection
	GlobalSection(ProjectConfigurationPlatforms) = postSolution
		{7EA3F88D-8374-42EA-A0FE-8FEC315CFC57}.Debug|Any CPU.ActiveCfg = Debug|Any CPU
		{7EA3F88D-8374-42EA-A0FE-8FEC315CFC57}.Debug|Any CPU.Build.0 = Debug|Any CPU
		{7EA3F88D-8374-42EA-A0FE-8FEC315CFC57}.Debug|x64.ActiveCfg = Debug|x64
		{7EA3F88D-8374-42EA-A0FE-8FEC315CFC57}.Debug|x64.Build.0 = Debug|x64
		{7EA3F88D-8374-42EA-A0FE-8FEC315CFC57}.Debug|x86.ActiveCfg = Debug|x86
		{7EA3F88D-8374-42EA-A0FE-8FEC315CFC57}.Debug|x86.Build.0 = Debug|x86
		{7EA3F88D-8374-42EA-A0FE-8FEC315CFC57}.Release|Any CPU.ActiveCfg = Release|x64
		{7EA3F88D-8374-42EA-A0FE-8FEC315CFC57}.Release|Any CPU.Build.0 = Release|x64
		{7EA3F88D-8374-42EA-A0FE-8FEC315CFC57}.Release|x64.ActiveCfg = Release|x64
		{7EA3F88D-8374-42EA-A0FE-8FEC315CFC57}.Release|x64.Build.0 = Release|x64
		{7EA3F88D-8374-42EA-A0FE-8FEC315CFC57}.Release|x86.ActiveCfg = Release|x86
		{7EA3F88D-8374-42EA-A0FE-8FEC315CFC57}.Release|x86.Build.0 = Release|x86
		{7EA3F88D-8374-42EA-A0FE-8FEC315CFC57}.x|Any CPU.ActiveCfg = x|Any CPU
		{7EA3F88D-8374-42EA-A0FE-8FEC315CFC57}.x|Any CPU.Build.0 = x|Any CPU
		{7EA3F88D-8374-42EA-A0FE-8FEC315CFC57}.x|x64.ActiveCfg = x|x64
		{7EA3F88D-8374-42EA-A0FE-8FEC315CFC57}.x|x64.Build.0 = x|x64
		{7EA3F88D-8374-42EA-A0FE-8FEC315CFC57}.x|x86.ActiveCfg = x|x86
		{7EA3F88D-8374-42EA-A0FE-8FEC315CFC57}.x|x86.Build.0 = x|x86
	EndGlobalSection
	GlobalSection(SolutionProperties) = preSolution
		HideSolutionNode = FALSE
	EndGlobalSection
	GlobalSection(ExtensibilityGlobals) = postSolution
		SolutionGuid = {73B75D7E-1C0A-4E3A-8B0A-B08FA25ADFE8}
	EndGlobalSection
EndGlobal
